
Microsoft Visual Studio Solution File, Format Version 12.00
# Visual Studio Version 16
VisualStudioVersion = 16.0.29102.190
MinimumVisualStudioVersion = 10.0.40219.1
Project("{FAE04EC0-301F-11D3-BF4B-00C04F79EFBC}") = "VidlyNew", "VidlyNew.csproj", "{6840C25A-835C-46AF-AF22-F0FB7F5A14D6}"
EndProject
Global
	GlobalSection(SolutionConfigurationPlatforms) = preSolution
		Debug|Any CPU = Debug|Any CPU
		Release|Any CPU = Release|Any CPU
	EndGlobalSection
	GlobalSection(ProjectConfigurationPlatforms) = postSolution
		{6840C25A-835C-46AF-AF22-F0FB7F5A14D6}.Debug|Any CPU.ActiveCfg = Debug|Any CPU
		{6840C25A-835C-46AF-AF22-F0FB7F5A14D6}.Debug|Any CPU.Build.0 = Debug|Any CPU
		{6840C25A-835C-46AF-AF22-F0FB7F5A14D6}.Release|Any CPU.ActiveCfg = Release|Any CPU
		{6840C25A-835C-46AF-AF22-F0FB7F5A14D6}.Release|Any CPU.Build.0 = Release|Any CPU
	EndGlobalSection
	GlobalSection(SolutionProperties) = preSolution
		HideSolutionNode = FALSE
	EndGlobalSection
	GlobalSection(ExtensibilityGlobals) = postSolution
		SolutionGuid = {3AA718C7-E92B-4266-829D-3AE928B900CF}
	EndGlobalSection
EndGlobal
